
Microsoft Visual Studio Solution File, Format Version 12.00
Project("{FAE04EC0-301F-11D3-BF4B-00C04F79EFBC}") = "task 2", "task 2\task 2.csproj", "{8544D613-229C-4CD1-B288-8B209DB7A7F4}"
EndProject
Global
	GlobalSection(SolutionConfigurationPlatforms) = preSolution
		Debug|Any CPU = Debug|Any CPU
		Release|Any CPU = Release|Any CPU
	EndGlobalSection
	GlobalSection(ProjectConfigurationPlatforms) = postSolution
		{8544D613-229C-4CD1-B288-8B209DB7A7F4}.Debug|Any CPU.ActiveCfg = Debug|Any CPU
		{8544D613-229C-4CD1-B288-8B209DB7A7F4}.Debug|Any CPU.Build.0 = Debug|Any CPU
		{8544D613-229C-4CD1-B288-8B209DB7A7F4}.Release|Any CPU.ActiveCfg = Release|Any CPU
		{8544D613-229C-4CD1-B288-8B209DB7A7F4}.Release|Any CPU.Build.0 = Release|Any CPU
	EndGlobalSection
EndGlobal
